
Microsoft Visual Studio Solution File, Format Version 12.00
# Visual Studio Version 17
VisualStudioVersion = 17.3.32825.248
MinimumVisualStudioVersion = 10.0.40219.1
Project("{54A90642-561A-4BB1-A94E-469ADEE60C69}") = "angularproject3", "angularproject3.esproj", "{2F55FF66-5C0C-40C8-88F6-E7EAA2CA6809}"
EndProject
Global
	GlobalSection(SolutionConfigurationPlatforms) = preSolution
		Debug|Any CPU = Debug|Any CPU
		Release|Any CPU = Release|Any CPU
	EndGlobalSection
	GlobalSection(ProjectConfigurationPlatforms) = postSolution
		{2F55FF66-5C0C-40C8-88F6-E7EAA2CA6809}.Debug|Any CPU.ActiveCfg = Debug|Any CPU
		{2F55FF66-5C0C-40C8-88F6-E7EAA2CA6809}.Debug|Any CPU.Build.0 = Debug|Any CPU
		{2F55FF66-5C0C-40C8-88F6-E7EAA2CA6809}.Debug|Any CPU.Deploy.0 = Debug|Any CPU
		{2F55FF66-5C0C-40C8-88F6-E7EAA2CA6809}.Release|Any CPU.ActiveCfg = Release|Any CPU
		{2F55FF66-5C0C-40C8-88F6-E7EAA2CA6809}.Release|Any CPU.Build.0 = Release|Any CPU
		{2F55FF66-5C0C-40C8-88F6-E7EAA2CA6809}.Release|Any CPU.Deploy.0 = Release|Any CPU
	EndGlobalSection
	GlobalSection(SolutionProperties) = preSolution
		HideSolutionNode = FALSE
	EndGlobalSection
	GlobalSection(ExtensibilityGlobals) = postSolution
		SolutionGuid = {1BB35925-C029-4080-AF52-24C8A16F501E}
	EndGlobalSection
EndGlobal
